
Microsoft Visual Studio Solution File, Format Version 12.00
# Visual Studio Version 17
VisualStudioVersion = 17.10.34707.107
MinimumVisualStudioVersion = 10.0.40219.1
Project("{FAE04EC0-301F-11D3-BF4B-00C04F79EFBC}") = "Bulky", "Bulky.csproj", "{5B6D9796-D194-4A76-91B6-FBE0AD5676A6}"
EndProject
Global
	GlobalSection(SolutionConfigurationPlatforms) = preSolution
		Debug|Any CPU = Debug|Any CPU
		Release|Any CPU = Release|Any CPU
	EndGlobalSection
	GlobalSection(ProjectConfigurationPlatforms) = postSolution
		{5B6D9796-D194-4A76-91B6-FBE0AD5676A6}.Debug|Any CPU.ActiveCfg = Debug|Any CPU
		{5B6D9796-D194-4A76-91B6-FBE0AD5676A6}.Debug|Any CPU.Build.0 = Debug|Any CPU
		{5B6D9796-D194-4A76-91B6-FBE0AD5676A6}.Release|Any CPU.ActiveCfg = Release|Any CPU
		{5B6D9796-D194-4A76-91B6-FBE0AD5676A6}.Release|Any CPU.Build.0 = Release|Any CPU
	EndGlobalSection
	GlobalSection(SolutionProperties) = preSolution
		HideSolutionNode = FALSE
	EndGlobalSection
	GlobalSection(ExtensibilityGlobals) = postSolution
		SolutionGuid = {5E343841-AF2F-4E98-9AE8-8A82533358C7}
	EndGlobalSection
EndGlobal
